
Microsoft Visual Studio Solution File, Format Version 12.00
# Visual Studio Version 17
VisualStudioVersion = 17.3.32922.545
MinimumVisualStudioVersion = 10.0.40219.1
Project("{FAE04EC0-301F-11D3-BF4B-00C04F79EFBC}") = "WebAPI", "WebAPI\WebAPI.csproj", "{98EFCD99-1A8C-43BB-89AD-1545803955F9}"
EndProject
Project("{FAE04EC0-301F-11D3-BF4B-00C04F79EFBC}") = "Gandi_Ariana_Lab11", "Gandi_Ariana_Lab11\Gandi_Ariana_Lab11.csproj", "{A31DB169-4F7D-4935-B028-433C34DB708E}"
EndProject
Global
	GlobalSection(SolutionConfigurationPlatforms) = preSolution
		Debug|Any CPU = Debug|Any CPU
		Release|Any CPU = Release|Any CPU
	EndGlobalSection
	GlobalSection(ProjectConfigurationPlatforms) = postSolution
		{98EFCD99-1A8C-43BB-89AD-1545803955F9}.Debug|Any CPU.ActiveCfg = Debug|Any CPU
		{98EFCD99-1A8C-43BB-89AD-1545803955F9}.Debug|Any CPU.Build.0 = Debug|Any CPU
		{98EFCD99-1A8C-43BB-89AD-1545803955F9}.Release|Any CPU.ActiveCfg = Release|Any CPU
		{98EFCD99-1A8C-43BB-89AD-1545803955F9}.Release|Any CPU.Build.0 = Release|Any CPU
		{A31DB169-4F7D-4935-B028-433C34DB708E}.Debug|Any CPU.ActiveCfg = Debug|Any CPU
		{A31DB169-4F7D-4935-B028-433C34DB708E}.Debug|Any CPU.Build.0 = Debug|Any CPU
		{A31DB169-4F7D-4935-B028-433C34DB708E}.Debug|Any CPU.Deploy.0 = Debug|Any CPU
		{A31DB169-4F7D-4935-B028-433C34DB708E}.Release|Any CPU.ActiveCfg = Release|Any CPU
		{A31DB169-4F7D-4935-B028-433C34DB708E}.Release|Any CPU.Build.0 = Release|Any CPU
		{A31DB169-4F7D-4935-B028-433C34DB708E}.Release|Any CPU.Deploy.0 = Release|Any CPU
	EndGlobalSection
	GlobalSection(SolutionProperties) = preSolution
		HideSolutionNode = FALSE
	EndGlobalSection
	GlobalSection(ExtensibilityGlobals) = postSolution
		SolutionGuid = {63423861-5BB1-490E-9AB5-4910AD48AA5F}
	EndGlobalSection
EndGlobal
